
Microsoft Visual Studio Solution File, Format Version 12.00
# Visual Studio Version 16
VisualStudioVersion = 16.0.30104.148
MinimumVisualStudioVersion = 10.0.40219.1
Project("{9A19103F-16F7-4668-BE54-9A1E7A4F7556}") = "Accountant_API", "Accountant_API.csproj", "{C59E9E4B-753D-4DCF-8C8C-B7BC4273280C}"
EndProject
Project("{9A19103F-16F7-4668-BE54-9A1E7A4F7556}") = "Model", "..\Model\Model.csproj", "{1030F963-E0E8-4F4B-B9CE-4CF6D572B90F}"
EndProject
Global
	GlobalSection(SolutionConfigurationPlatforms) = preSolution
		Debug|Any CPU = Debug|Any CPU
		Release|Any CPU = Release|Any CPU
	EndGlobalSection
	GlobalSection(ProjectConfigurationPlatforms) = postSolution
		{C59E9E4B-753D-4DCF-8C8C-B7BC4273280C}.Debug|Any CPU.ActiveCfg = Debug|Any CPU
		{C59E9E4B-753D-4DCF-8C8C-B7BC4273280C}.Debug|Any CPU.Build.0 = Debug|Any CPU
		{C59E9E4B-753D-4DCF-8C8C-B7BC4273280C}.Release|Any CPU.ActiveCfg = Release|Any CPU
		{C59E9E4B-753D-4DCF-8C8C-B7BC4273280C}.Release|Any CPU.Build.0 = Release|Any CPU
		{1030F963-E0E8-4F4B-B9CE-4CF6D572B90F}.Debug|Any CPU.ActiveCfg = Debug|Any CPU
		{1030F963-E0E8-4F4B-B9CE-4CF6D572B90F}.Debug|Any CPU.Build.0 = Debug|Any CPU
		{1030F963-E0E8-4F4B-B9CE-4CF6D572B90F}.Release|Any CPU.ActiveCfg = Release|Any CPU
		{1030F963-E0E8-4F4B-B9CE-4CF6D572B90F}.Release|Any CPU.Build.0 = Release|Any CPU
	EndGlobalSection
	GlobalSection(SolutionProperties) = preSolution
		HideSolutionNode = FALSE
	EndGlobalSection
	GlobalSection(ExtensibilityGlobals) = postSolution
		SolutionGuid = {61AFDD82-105F-42B6-8B9B-689D68390F0A}
	EndGlobalSection
EndGlobal
